// !$*UTF8*$!
{
	archiveVersion = 1;
	classes = {
	};
	objectVersion = 77;
	objects = {

/* Begin PBXBuildFile section */
		3903284F2D5DFB160018A943 /* Kingfisher in Frameworks */ = {isa = PBXBuildFile; productRef = 3903284E2D5DFB160018A943 /* Kingfisher */; };
		390328522D5DFBEB0018A943 /* ImageViewer_swift in Frameworks */ = {isa = PBXBuildFile; productRef = 390328512D5DFBEB0018A943 /* ImageViewer_swift */; };
		391873DD2D48EA1500889E1E /* CombineMoya in Frameworks */ = {isa = PBXBuildFile; productRef = 391873DC2D48EA1500889E1E /* CombineMoya */; };
		391873DF2D48EA1500889E1E /* Moya in Frameworks */ = {isa = PBXBuildFile; productRef = 391873DE2D48EA1500889E1E /* Moya */; };
		391873E12D48EA1500889E1E /* ReactiveMoya in Frameworks */ = {isa = PBXBuildFile; productRef = 391873E02D48EA1500889E1E /* ReactiveMoya */; };
		391873E32D48EA1500889E1E /* RxMoya in Frameworks */ = {isa = PBXBuildFile; productRef = 391873E22D48EA1500889E1E /* RxMoya */; };
		391875CC2D48EEAD00889E1E /* KeychainAccess in Frameworks */ = {isa = PBXBuildFile; productRef = 391875CB2D48EEAD00889E1E /* KeychainAccess */; };
		391875D42D48EFFC00889E1E /* Reachability in Frameworks */ = {isa = PBXBuildFile; productRef = 391875D32D48EFFC00889E1E /* Reachability */; };
		391875D72D48F04C00889E1E /* Loaf in Frameworks */ = {isa = PBXBuildFile; productRef = 391875D62D48F04C00889E1E /* Loaf */; };
		3942F1062D4CD79100C0CA21 /* SwiftQRCodeScanner in Frameworks */ = {isa = PBXBuildFile; productRef = 3942F1052D4CD79100C0CA21 /* SwiftQRCodeScanner */; };
		C207BD486DCDE939AFF21218 /* Pods_Memo_Cloud.framework in Frameworks */ = {isa = PBXBuildFile; fileRef = A441E2251E5F3E98F6946845 /* Pods_Memo_Cloud.framework */; };
/* End PBXBuildFile section */

/* Begin PBXFileReference section */
		133E545C4A103AB1050A826A /* Pods-Memo Cloud.debug.xcconfig */ = {isa = PBXFileReference; includeInIndex = 1; lastKnownFileType = text.xcconfig; name = "Pods-Memo Cloud.debug.xcconfig"; path = "Target Support Files/Pods-Memo Cloud/Pods-Memo Cloud.debug.xcconfig"; sourceTree = "<group>"; };
		391873C32D48E7A200889E1E /* Memo Cloud.app */ = {isa = PBXFileReference; explicitFileType = wrapper.application; includeInIndex = 0; path = "Memo Cloud.app"; sourceTree = BUILT_PRODUCTS_DIR; };
		A441E2251E5F3E98F6946845 /* Pods_Memo_Cloud.framework */ = {isa = PBXFileReference; explicitFileType = wrapper.framework; includeInIndex = 0; path = Pods_Memo_Cloud.framework; sourceTree = BUILT_PRODUCTS_DIR; };
		E7E2ADD1790BB76BDD5FF1E2 /* Pods-Memo Cloud.release.xcconfig */ = {isa = PBXFileReference; includeInIndex = 1; lastKnownFileType = text.xcconfig; name = "Pods-Memo Cloud.release.xcconfig"; path = "Target Support Files/Pods-Memo Cloud/Pods-Memo Cloud.release.xcconfig"; sourceTree = "<group>"; };
/* End PBXFileReference section */

/* Begin PBXFileSystemSynchronizedBuildFileExceptionSet section */
		391873D52D48E7A300889E1E /* Exceptions for "Memo Cloud" folder in "Memo Cloud" target */ = {
			isa = PBXFileSystemSynchronizedBuildFileExceptionSet;
			membershipExceptions = (
				Info.plist,
			);
			target = 391873C22D48E7A200889E1E /* Memo Cloud */;
		};
/* End PBXFileSystemSynchronizedBuildFileExceptionSet section */

/* Begin PBXFileSystemSynchronizedRootGroup section */
		391873C52D48E7A200889E1E /* Memo Cloud */ = {
			isa = PBXFileSystemSynchronizedRootGroup;
			exceptions = (
				391873D52D48E7A300889E1E /* Exceptions for "Memo Cloud" folder in "Memo Cloud" target */,
			);
			path = "Memo Cloud";
			sourceTree = "<group>";
		};
/* End PBXFileSystemSynchronizedRootGroup section */

/* Begin PBXFrameworksBuildPhase section */
		391873C02D48E7A200889E1E /* Frameworks */ = {
			isa = PBXFrameworksBuildPhase;
			buildActionMask = 2147483647;
			files = (
				391873DF2D48EA1500889E1E /* Moya in Frameworks */,
				3942F1062D4CD79100C0CA21 /* SwiftQRCodeScanner in Frameworks */,
				391875D42D48EFFC00889E1E /* Reachability in Frameworks */,
				390328522D5DFBEB0018A943 /* ImageViewer_swift in Frameworks */,
				391873DD2D48EA1500889E1E /* CombineMoya in Frameworks */,
				3903284F2D5DFB160018A943 /* Kingfisher in Frameworks */,
				391873E32D48EA1500889E1E /* RxMoya in Frameworks */,
				391873E12D48EA1500889E1E /* ReactiveMoya in Frameworks */,
				391875CC2D48EEAD00889E1E /* KeychainAccess in Frameworks */,
				391875D72D48F04C00889E1E /* Loaf in Frameworks */,
				C207BD486DCDE939AFF21218 /* Pods_Memo_Cloud.framework in Frameworks */,
			);
			runOnlyForDeploymentPostprocessing = 0;
		};
/* End PBXFrameworksBuildPhase section */

/* Begin PBXGroup section */
		391873BA2D48E7A200889E1E = {
			isa = PBXGroup;
			children = (
				391873C52D48E7A200889E1E /* Memo Cloud */,
				391873C42D48E7A200889E1E /* Products */,
				DD89D5E2566200FDB0295650 /* Pods */,
				CDB24620D03B6ECAD829999A /* Frameworks */,
			);
			sourceTree = "<group>";
		};
		391873C42D48E7A200889E1E /* Products */ = {
			isa = PBXGroup;
			children = (
				391873C32D48E7A200889E1E /* Memo Cloud.app */,
			);
			name = Products;
			sourceTree = "<group>";
		};
		CDB24620D03B6ECAD829999A /* Frameworks */ = {
			isa = PBXGroup;
			children = (
				A441E2251E5F3E98F6946845 /* Pods_Memo_Cloud.framework */,
			);
			name = Frameworks;
			sourceTree = "<group>";
		};
		DD89D5E2566200FDB0295650 /* Pods */ = {
			isa = PBXGroup;
			children = (
				133E545C4A103AB1050A826A /* Pods-Memo Cloud.debug.xcconfig */,
				E7E2ADD1790BB76BDD5FF1E2 /* Pods-Memo Cloud.release.xcconfig */,
			);
			path = Pods;
			sourceTree = "<group>";
		};
/* End PBXGroup section */

/* Begin PBXNativeTarget section */
		391873C22D48E7A200889E1E /* Memo Cloud */ = {
			isa = PBXNativeTarget;
			buildConfigurationList = 391873D62D48E7A300889E1E /* Build configuration list for PBXNativeTarget "Memo Cloud" */;
			buildPhases = (
				A9083685EE6FC49E3D91C980 /* [CP] Check Pods Manifest.lock */,
				391873BF2D48E7A200889E1E /* Sources */,
				391873C02D48E7A200889E1E /* Frameworks */,
				391873C12D48E7A200889E1E /* Resources */,
				1A765765FE22F92BE745DDFC /* [CP] Embed Pods Frameworks */,
			);
			buildRules = (
			);
			dependencies = (
			);
			fileSystemSynchronizedGroups = (
				391873C52D48E7A200889E1E /* Memo Cloud */,
			);
			name = "Memo Cloud";
			packageProductDependencies = (
				391873DC2D48EA1500889E1E /* CombineMoya */,
				391873DE2D48EA1500889E1E /* Moya */,
				391873E02D48EA1500889E1E /* ReactiveMoya */,
				391873E22D48EA1500889E1E /* RxMoya */,
				391875CB2D48EEAD00889E1E /* KeychainAccess */,
				391875D32D48EFFC00889E1E /* Reachability */,
				391875D62D48F04C00889E1E /* Loaf */,
				3942F1052D4CD79100C0CA21 /* SwiftQRCodeScanner */,
				3903284E2D5DFB160018A943 /* Kingfisher */,
				390328512D5DFBEB0018A943 /* ImageViewer_swift */,
			);
			productName = "Memo Cloud";
			productReference = 391873C32D48E7A200889E1E /* Memo Cloud.app */;
			productType = "com.apple.product-type.application";
		};
/* End PBXNativeTarget section */

/* Begin PBXProject section */
		391873BB2D48E7A200889E1E /* Project object */ = {
			isa = PBXProject;
			attributes = {
				BuildIndependentTargetsInParallel = 1;
				LastSwiftUpdateCheck = 1600;
				LastUpgradeCheck = 1600;
				TargetAttributes = {
					391873C22D48E7A200889E1E = {
						CreatedOnToolsVersion = 16.0;
					};
				};
			};
			buildConfigurationList = 391873BE2D48E7A200889E1E /* Build configuration list for PBXProject "Memo Cloud" */;
			developmentRegion = en;
			hasScannedForEncodings = 0;
			knownRegions = (
				en,
				Base,
			);
			mainGroup = 391873BA2D48E7A200889E1E;
			minimizedProjectReferenceProxies = 1;
			packageReferences = (
				391873DB2D48EA1500889E1E /* XCRemoteSwiftPackageReference "Moya" */,
				391875CA2D48EEAD00889E1E /* XCRemoteSwiftPackageReference "KeychainAccess" */,
				391875D22D48EFFC00889E1E /* XCRemoteSwiftPackageReference "Reachability" */,
				391875D52D48F04C00889E1E /* XCRemoteSwiftPackageReference "Loaf" */,
				3942F1042D4CD79100C0CA21 /* XCRemoteSwiftPackageReference "SwiftQRCodeScanner" */,
				3903284D2D5DFB160018A943 /* XCRemoteSwiftPackageReference "Kingfisher" */,
				390328502D5DFBEB0018A943 /* XCRemoteSwiftPackageReference "ImageViewer" */,
			);
			preferredProjectObjectVersion = 77;
			productRefGroup = 391873C42D48E7A200889E1E /* Products */;
			projectDirPath = "";
			projectRoot = "";
			targets = (
				391873C22D48E7A200889E1E /* Memo Cloud */,
			);
		};
/* End PBXProject section */

/* Begin PBXResourcesBuildPhase section */
		391873C12D48E7A200889E1E /* Resources */ = {
			isa = PBXResourcesBuildPhase;
			buildActionMask = 2147483647;
			files = (
			);
			runOnlyForDeploymentPostprocessing = 0;
		};
/* End PBXResourcesBuildPhase section */

/* Begin PBXShellScriptBuildPhase section */
		1A765765FE22F92BE745DDFC /* [CP] Embed Pods Frameworks */ = {
			isa = PBXShellScriptBuildPhase;
			buildActionMask = 2147483647;
			files = (
			);
			inputFileListPaths = (
				"${PODS_ROOT}/Target Support Files/Pods-Memo Cloud/Pods-Memo Cloud-frameworks-${CONFIGURATION}-input-files.xcfilelist",
			);
			name = "[CP] Embed Pods Frameworks";
			outputFileListPaths = (
				"${PODS_ROOT}/Target Support Files/Pods-Memo Cloud/Pods-Memo Cloud-frameworks-${CONFIGURATION}-output-files.xcfilelist",
			);
			runOnlyForDeploymentPostprocessing = 0;
			shellPath = /bin/sh;
			shellScript = "\"${PODS_ROOT}/Target Support Files/Pods-Memo Cloud/Pods-Memo Cloud-frameworks.sh\"\n";
			showEnvVarsInLog = 0;
		};
		A9083685EE6FC49E3D91C980 /* [CP] Check Pods Manifest.lock */ = {
			isa = PBXShellScriptBuildPhase;
			buildActionMask = 2147483647;
			files = (
			);
			inputFileListPaths = (
			);
			inputPaths = (
				"${PODS_PODFILE_DIR_PATH}/Podfile.lock",
				"${PODS_ROOT}/Manifest.lock",
			);
			name = "[CP] Check Pods Manifest.lock";
			outputFileListPaths = (
			);
			outputPaths = (
				"$(DERIVED_FILE_DIR)/Pods-Memo Cloud-checkManifestLockResult.txt",
			);
			runOnlyForDeploymentPostprocessing = 0;
			shellPath = /bin/sh;
			shellScript = "diff \"${PODS_PODFILE_DIR_PATH}/Podfile.lock\" \"${PODS_ROOT}/Manifest.lock\" > /dev/null\nif [ $? != 0 ] ; then\n    # print error to STDERR\n    echo \"error: The sandbox is not in sync with the Podfile.lock. Run 'pod install' or update your CocoaPods installation.\" >&2\n    exit 1\nfi\n# This output is used by Xcode 'outputs' to avoid re-running this script phase.\necho \"SUCCESS\" > \"${SCRIPT_OUTPUT_FILE_0}\"\n";
			showEnvVarsInLog = 0;
		};
/* End PBXShellScriptBuildPhase section */

/* Begin PBXSourcesBuildPhase section */
		391873BF2D48E7A200889E1E /* Sources */ = {
			isa = PBXSourcesBuildPhase;
			buildActionMask = 2147483647;
			files = (
			);
			runOnlyForDeploymentPostprocessing = 0;
		};
/* End PBXSourcesBuildPhase section */

/* Begin XCBuildConfiguration section */
		391873D72D48E7A300889E1E /* Debug */ = {
			isa = XCBuildConfiguration;
			baseConfigurationReference = 133E545C4A103AB1050A826A /* Pods-Memo Cloud.debug.xcconfig */;
			buildSettings = {
				ASSETCATALOG_COMPILER_APPICON_NAME = AppIcon;
				ASSETCATALOG_COMPILER_GLOBAL_ACCENT_COLOR_NAME = AccentColor;
				CODE_SIGN_STYLE = Automatic;
				CURRENT_PROJECT_VERSION = 1;
				DEVELOPMENT_TEAM = LQVKHD4PD8;
				ENABLE_USER_SCRIPT_SANDBOXING = NO;
				GENERATE_INFOPLIST_FILE = YES;
				INFOPLIST_FILE = "Memo Cloud/Info.plist";
				INFOPLIST_KEY_NSCameraUsageDescription = "We need access to your camera to scan QR codes.";
				INFOPLIST_KEY_NSMicrophoneUsageDescription = "We need access to your microphone for video recording.";
				INFOPLIST_KEY_NSPhotoLibraryUsageDescription = "This app requires access to your photo library to save scanned QR codes.";
				INFOPLIST_KEY_UIApplicationSupportsIndirectInputEvents = YES;
				INFOPLIST_KEY_UILaunchStoryboardName = LaunchScreen;
				INFOPLIST_KEY_UIMainStoryboardFile = Main;
				INFOPLIST_KEY_UISupportedInterfaceOrientations_iPad = "UIInterfaceOrientationPortrait UIInterfaceOrientationPortraitUpsideDown UIInterfaceOrientationLandscapeLeft UIInterfaceOrientationLandscapeRight";
				INFOPLIST_KEY_UISupportedInterfaceOrientations_iPhone = "UIInterfaceOrientationPortrait UIInterfaceOrientationLandscapeLeft UIInterfaceOrientationLandscapeRight";
				INFOPLIST_KEY_UIUserInterfaceStyle = Light;
				IPHONEOS_DEPLOYMENT_TARGET = 15.6;
				LD_RUNPATH_SEARCH_PATHS = (
					"$(inherited)",
					"@executable_path/Frameworks",
				);
				MARKETING_VERSION = 1.0;
				PRODUCT_BUNDLE_IDENTIFIER = com.app.memocloud;
				PRODUCT_NAME = "$(TARGET_NAME)";
				SUPPORTED_PLATFORMS = "iphoneos iphonesimulator";
				SUPPORTS_MACCATALYST = NO;
				SUPPORTS_MAC_DESIGNED_FOR_IPHONE_IPAD = NO;
				SUPPORTS_XR_DESIGNED_FOR_IPHONE_IPAD = NO;
				SWIFT_EMIT_LOC_STRINGS = YES;
				SWIFT_VERSION = 5.0;
				TARGETED_DEVICE_FAMILY = 1;
			};
			name = Debug;
		};
		391873D82D48E7A300889E1E /* Release */ = {
			isa = XCBuildConfiguration;
			baseConfigurationReference = E7E2ADD1790BB76BDD5FF1E2 /* Pods-Memo Cloud.release.xcconfig */;
			buildSettings = {
				ASSETCATALOG_COMPILER_APPICON_NAME = AppIcon;
				ASSETCATALOG_COMPILER_GLOBAL_ACCENT_COLOR_NAME = AccentColor;
				CODE_SIGN_STYLE = Automatic;
				CURRENT_PROJECT_VERSION = 1;
				DEVELOPMENT_TEAM = LQVKHD4PD8;
				ENABLE_USER_SCRIPT_SANDBOXING = NO;
				GENERATE_INFOPLIST_FILE = YES;
				INFOPLIST_FILE = "Memo Cloud/Info.plist";
				INFOPLIST_KEY_NSCameraUsageDescription = "We need access to your camera to scan QR codes.";
				INFOPLIST_KEY_NSMicrophoneUsageDescription = "We need access to your microphone for video recording.";
				INFOPLIST_KEY_NSPhotoLibraryUsageDescription = "This app requires access to your photo library to save scanned QR codes.";
				INFOPLIST_KEY_UIApplicationSupportsIndirectInputEvents = YES;
				INFOPLIST_KEY_UILaunchStoryboardName = LaunchScreen;
				INFOPLIST_KEY_UIMainStoryboardFile = Main;
				INFOPLIST_KEY_UISupportedInterfaceOrientations_iPad = "UIInterfaceOrientationPortrait UIInterfaceOrientationPortraitUpsideDown UIInterfaceOrientationLandscapeLeft UIInterfaceOrientationLandscapeRight";
				INFOPLIST_KEY_UISupportedInterfaceOrientations_iPhone = "UIInterfaceOrientationPortrait UIInterfaceOrientationLandscapeLeft UIInterfaceOrientationLandscapeRight";
				INFOPLIST_KEY_UIUserInterfaceStyle = Light;
				IPHONEOS_DEPLOYMENT_TARGET = 15.6;
				LD_RUNPATH_SEARCH_PATHS = (
					"$(inherited)",
					"@executable_path/Frameworks",
				);
				MARKETING_VERSION = 1.0;
				PRODUCT_BUNDLE_IDENTIFIER = com.app.memocloud;
				PRODUCT_NAME = "$(TARGET_NAME)";
				SUPPORTED_PLATFORMS = "iphoneos iphonesimulator";
				SUPPORTS_MACCATALYST = NO;
				SUPPORTS_MAC_DESIGNED_FOR_IPHONE_IPAD = NO;
				SUPPORTS_XR_DESIGNED_FOR_IPHONE_IPAD = NO;
				SWIFT_EMIT_LOC_STRINGS = YES;
				SWIFT_VERSION = 5.0;
				TARGETED_DEVICE_FAMILY = 1;
			};
			name = Release;
		};
		391873D92D48E7A300889E1E /* Debug */ = {
			isa = XCBuildConfiguration;
			buildSettings = {
				ALWAYS_SEARCH_USER_PATHS = NO;
				ASSETCATALOG_COMPILER_GENERATE_SWIFT_ASSET_SYMBOL_EXTENSIONS = YES;
				CLANG_ANALYZER_NONNULL = YES;
				CLANG_ANALYZER_NUMBER_OBJECT_CONVERSION = YES_AGGRESSIVE;
				CLANG_CXX_LANGUAGE_STANDARD = "gnu++20";
				CLANG_ENABLE_MODULES = YES;
				CLANG_ENABLE_OBJC_ARC = YES;
				CLANG_ENABLE_OBJC_WEAK = YES;
				CLANG_WARN_BLOCK_CAPTURE_AUTORELEASING = YES;
				CLANG_WARN_BOOL_CONVERSION = YES;
				CLANG_WARN_COMMA = YES;
				CLANG_WARN_CONSTANT_CONVERSION = YES;
				CLANG_WARN_DEPRECATED_OBJC_IMPLEMENTATIONS = YES;
				CLANG_WARN_DIRECT_OBJC_ISA_USAGE = YES_ERROR;
				CLANG_WARN_DOCUMENTATION_COMMENTS = YES;
				CLANG_WARN_EMPTY_BODY = YES;
				CLANG_WARN_ENUM_CONVERSION = YES;
				CLANG_WARN_INFINITE_RECURSION = YES;
				CLANG_WARN_INT_CONVERSION = YES;
				CLANG_WARN_NON_LITERAL_NULL_CONVERSION = YES;
				CLANG_WARN_OBJC_IMPLICIT_RETAIN_SELF = YES;
				CLANG_WARN_OBJC_LITERAL_CONVERSION = YES;
				CLANG_WARN_OBJC_ROOT_CLASS = YES_ERROR;
				CLANG_WARN_QUOTED_INCLUDE_IN_FRAMEWORK_HEADER = YES;
				CLANG_WARN_RANGE_LOOP_ANALYSIS = YES;
				CLANG_WARN_STRICT_PROTOTYPES = YES;
				CLANG_WARN_SUSPICIOUS_MOVE = YES;
				CLANG_WARN_UNGUARDED_AVAILABILITY = YES_AGGRESSIVE;
				CLANG_WARN_UNREACHABLE_CODE = YES;
				CLANG_WARN__DUPLICATE_METHOD_MATCH = YES;
				COPY_PHASE_STRIP = NO;
				DEBUG_INFORMATION_FORMAT = dwarf;
				ENABLE_STRICT_OBJC_MSGSEND = YES;
				ENABLE_TESTABILITY = YES;
				ENABLE_USER_SCRIPT_SANDBOXING = YES;
				GCC_C_LANGUAGE_STANDARD = gnu17;
				GCC_DYNAMIC_NO_PIC = NO;
				GCC_NO_COMMON_BLOCKS = YES;
				GCC_OPTIMIZATION_LEVEL = 0;
				GCC_PREPROCESSOR_DEFINITIONS = (
					"DEBUG=1",
					"$(inherited)",
				);
				GCC_WARN_64_TO_32_BIT_CONVERSION = YES;
				GCC_WARN_ABOUT_RETURN_TYPE = YES_ERROR;
				GCC_WARN_UNDECLARED_SELECTOR = YES;
				GCC_WARN_UNINITIALIZED_AUTOS = YES_AGGRESSIVE;
				GCC_WARN_UNUSED_FUNCTION = YES;
				GCC_WARN_UNUSED_VARIABLE = YES;
				IPHONEOS_DEPLOYMENT_TARGET = 18.0;
				LOCALIZATION_PREFERS_STRING_CATALOGS = YES;
				MTL_ENABLE_DEBUG_INFO = INCLUDE_SOURCE;
				MTL_FAST_MATH = YES;
				ONLY_ACTIVE_ARCH = YES;
				SDKROOT = iphoneos;
				SWIFT_ACTIVE_COMPILATION_CONDITIONS = "DEBUG $(inherited)";
				SWIFT_OPTIMIZATION_LEVEL = "-Onone";
			};
			name = Debug;
		};
		391873DA2D48E7A300889E1E /* Release */ = {
			isa = XCBuildConfiguration;
			buildSettings = {
				ALWAYS_SEARCH_USER_PATHS = NO;
				ASSETCATALOG_COMPILER_GENERATE_SWIFT_ASSET_SYMBOL_EXTENSIONS = YES;
				CLANG_ANALYZER_NONNULL = YES;
				CLANG_ANALYZER_NUMBER_OBJECT_CONVERSION = YES_AGGRESSIVE;
				CLANG_CXX_LANGUAGE_STANDARD = "gnu++20";
				CLANG_ENABLE_MODULES = YES;
				CLANG_ENABLE_OBJC_ARC = YES;
				CLANG_ENABLE_OBJC_WEAK = YES;
				CLANG_WARN_BLOCK_CAPTURE_AUTORELEASING = YES;
				CLANG_WARN_BOOL_CONVERSION = YES;
				CLANG_WARN_COMMA = YES;
				CLANG_WARN_CONSTANT_CONVERSION = YES;
				CLANG_WARN_DEPRECATED_OBJC_IMPLEMENTATIONS = YES;
				CLANG_WARN_DIRECT_OBJC_ISA_USAGE = YES_ERROR;
				CLANG_WARN_DOCUMENTATION_COMMENTS = YES;
				CLANG_WARN_EMPTY_BODY = YES;
				CLANG_WARN_ENUM_CONVERSION = YES;
				CLANG_WARN_INFINITE_RECURSION = YES;
				CLANG_WARN_INT_CONVERSION = YES;
				CLANG_WARN_NON_LITERAL_NULL_CONVERSION = YES;
				CLANG_WARN_OBJC_IMPLICIT_RETAIN_SELF = YES;
				CLANG_WARN_OBJC_LITERAL_CONVERSION = YES;
				CLANG_WARN_OBJC_ROOT_CLASS = YES_ERROR;
				CLANG_WARN_QUOTED_INCLUDE_IN_FRAMEWORK_HEADER = YES;
				CLANG_WARN_RANGE_LOOP_ANALYSIS = YES;
				CLANG_WARN_STRICT_PROTOTYPES = YES;
				CLANG_WARN_SUSPICIOUS_MOVE = YES;
				CLANG_WARN_UNGUARDED_AVAILABILITY = YES_AGGRESSIVE;
				CLANG_WARN_UNREACHABLE_CODE = YES;
				CLANG_WARN__DUPLICATE_METHOD_MATCH = YES;
				COPY_PHASE_STRIP = NO;
				DEBUG_INFORMATION_FORMAT = "dwarf-with-dsym";
				ENABLE_NS_ASSERTIONS = NO;
				ENABLE_STRICT_OBJC_MSGSEND = YES;
				ENABLE_USER_SCRIPT_SANDBOXING = YES;
				GCC_C_LANGUAGE_STANDARD = gnu17;
				GCC_NO_COMMON_BLOCKS = YES;
				GCC_WARN_64_TO_32_BIT_CONVERSION = YES;
				GCC_WARN_ABOUT_RETURN_TYPE = YES_ERROR;
				GCC_WARN_UNDECLARED_SELECTOR = YES;
				GCC_WARN_UNINITIALIZED_AUTOS = YES_AGGRESSIVE;
				GCC_WARN_UNUSED_FUNCTION = YES;
				GCC_WARN_UNUSED_VARIABLE = YES;
				IPHONEOS_DEPLOYMENT_TARGET = 18.0;
				LOCALIZATION_PREFERS_STRING_CATALOGS = YES;
				MTL_ENABLE_DEBUG_INFO = NO;
				MTL_FAST_MATH = YES;
				SDKROOT = iphoneos;
				SWIFT_COMPILATION_MODE = wholemodule;
				VALIDATE_PRODUCT = YES;
			};
			name = Release;
		};
/* End XCBuildConfiguration section */

/* Begin XCConfigurationList section */
		391873BE2D48E7A200889E1E /* Build configuration list for PBXProject "Memo Cloud" */ = {
			isa = XCConfigurationList;
			buildConfigurations = (
				391873D92D48E7A300889E1E /* Debug */,
				391873DA2D48E7A300889E1E /* Release */,
			);
			defaultConfigurationIsVisible = 0;
			defaultConfigurationName = Release;
		};
		391873D62D48E7A300889E1E /* Build configuration list for PBXNativeTarget "Memo Cloud" */ = {
			isa = XCConfigurationList;
			buildConfigurations = (
				391873D72D48E7A300889E1E /* Debug */,
				391873D82D48E7A300889E1E /* Release */,
			);
			defaultConfigurationIsVisible = 0;
			defaultConfigurationName = Release;
		};
/* End XCConfigurationList section */

/* Begin XCRemoteSwiftPackageReference section */
		3903284D2D5DFB160018A943 /* XCRemoteSwiftPackageReference "Kingfisher" */ = {
			isa = XCRemoteSwiftPackageReference;
			repositoryURL = "https://github.com/onevcat/Kingfisher";
			requirement = {
				kind = upToNextMajorVersion;
				minimumVersion = 8.2.0;
			};
		};
		390328502D5DFBEB0018A943 /* XCRemoteSwiftPackageReference "ImageViewer" */ = {
			isa = XCRemoteSwiftPackageReference;
			repositoryURL = "https://github.com/michaelhenry/ImageViewer.swift";
			requirement = {
				kind = upToNextMajorVersion;
				minimumVersion = 3.3.8;
			};
		};
		391873DB2D48EA1500889E1E /* XCRemoteSwiftPackageReference "Moya" */ = {
			isa = XCRemoteSwiftPackageReference;
			repositoryURL = "https://github.com/Moya/Moya.git";
			requirement = {
				kind = upToNextMajorVersion;
				minimumVersion = 15.0.3;
			};
		};
		391875CA2D48EEAD00889E1E /* XCRemoteSwiftPackageReference "KeychainAccess" */ = {
			isa = XCRemoteSwiftPackageReference;
			repositoryURL = "https://github.com/kishikawakatsumi/KeychainAccess";
			requirement = {
				branch = master;
				kind = branch;
			};
		};
		391875D22D48EFFC00889E1E /* XCRemoteSwiftPackageReference "Reachability" */ = {
			isa = XCRemoteSwiftPackageReference;
			repositoryURL = "https://github.com/ashleymills/Reachability.swift";
			requirement = {
				branch = master;
				kind = branch;
			};
		};
		391875D52D48F04C00889E1E /* XCRemoteSwiftPackageReference "Loaf" */ = {
			isa = XCRemoteSwiftPackageReference;
			repositoryURL = "https://github.com/schmidyy/Loaf";
			requirement = {
				kind = upToNextMajorVersion;
				minimumVersion = 0.7.0;
			};
		};
		3942F1042D4CD79100C0CA21 /* XCRemoteSwiftPackageReference "SwiftQRCodeScanner" */ = {
			isa = XCRemoteSwiftPackageReference;
			repositoryURL = "https://github.com/vinodiOS/SwiftQRCodeScanner.git";
			requirement = {
				kind = upToNextMajorVersion;
				minimumVersion = 1.16.0;
			};
		};
/* End XCRemoteSwiftPackageReference section */

/* Begin XCSwiftPackageProductDependency section */
		3903284E2D5DFB160018A943 /* Kingfisher */ = {
			isa = XCSwiftPackageProductDependency;
			package = 3903284D2D5DFB160018A943 /* XCRemoteSwiftPackageReference "Kingfisher" */;
			productName = Kingfisher;
		};
		390328512D5DFBEB0018A943 /* ImageViewer_swift */ = {
			isa = XCSwiftPackageProductDependency;
			package = 390328502D5DFBEB0018A943 /* XCRemoteSwiftPackageReference "ImageViewer" */;
			productName = ImageViewer_swift;
		};
		391873DC2D48EA1500889E1E /* CombineMoya */ = {
			isa = XCSwiftPackageProductDependency;
			package = 391873DB2D48EA1500889E1E /* XCRemoteSwiftPackageReference "Moya" */;
			productName = CombineMoya;
		};
		391873DE2D48EA1500889E1E /* Moya */ = {
			isa = XCSwiftPackageProductDependency;
			package = 391873DB2D48EA1500889E1E /* XCRemoteSwiftPackageReference "Moya" */;
			productName = Moya;
		};
		391873E02D48EA1500889E1E /* ReactiveMoya */ = {
			isa = XCSwiftPackageProductDependency;
			package = 391873DB2D48EA1500889E1E /* XCRemoteSwiftPackageReference "Moya" */;
			productName = ReactiveMoya;
		};
		391873E22D48EA1500889E1E /* RxMoya */ = {
			isa = XCSwiftPackageProductDependency;
			package = 391873DB2D48EA1500889E1E /* XCRemoteSwiftPackageReference "Moya" */;
			productName = RxMoya;
		};
		391875CB2D48EEAD00889E1E /* KeychainAccess */ = {
			isa = XCSwiftPackageProductDependency;
			package = 391875CA2D48EEAD00889E1E /* XCRemoteSwiftPackageReference "KeychainAccess" */;
			productName = KeychainAccess;
		};
		391875D32D48EFFC00889E1E /* Reachability */ = {
			isa = XCSwiftPackageProductDependency;
			package = 391875D22D48EFFC00889E1E /* XCRemoteSwiftPackageReference "Reachability" */;
			productName = Reachability;
		};
		391875D62D48F04C00889E1E /* Loaf */ = {
			isa = XCSwiftPackageProductDependency;
			package = 391875D52D48F04C00889E1E /* XCRemoteSwiftPackageReference "Loaf" */;
			productName = Loaf;
		};
		3942F1052D4CD79100C0CA21 /* SwiftQRCodeScanner */ = {
			isa = XCSwiftPackageProductDependency;
			package = 3942F1042D4CD79100C0CA21 /* XCRemoteSwiftPackageReference "SwiftQRCodeScanner" */;
			productName = SwiftQRCodeScanner;
		};
/* End XCSwiftPackageProductDependency section */
	};
	rootObject = 391873BB2D48E7A200889E1E /* Project object */;
}
